
Microsoft Visual Studio Solution File, Format Version 12.00
# Visual Studio Version 17
VisualStudioVersion = 17.6.33723.286
MinimumVisualStudioVersion = 10.0.40219.1
Project("{9A19103F-16F7-4668-BE54-9A1E7A4F7556}") = "Api.SemInjecao", "Api.SemInjecao\Api.SemInjecao.csproj", "{954CAA1B-988F-4811-9051-1D1F74802967}"
EndProject
Project("{9A19103F-16F7-4668-BE54-9A1E7A4F7556}") = "Api.ComInjecao", "Api.ComInjecao\Api.ComInjecao.csproj", "{4C03594D-7FA5-47B9-B9F2-E0BF556C6612}"
EndProject
Global
	GlobalSection(SolutionConfigurationPlatforms) = preSolution
		Debug|Any CPU = Debug|Any CPU
		Release|Any CPU = Release|Any CPU
	EndGlobalSection
	GlobalSection(ProjectConfigurationPlatforms) = postSolution
		{954CAA1B-988F-4811-9051-1D1F74802967}.Debug|Any CPU.ActiveCfg = Debug|Any CPU
		{954CAA1B-988F-4811-9051-1D1F74802967}.Debug|Any CPU.Build.0 = Debug|Any CPU
		{954CAA1B-988F-4811-9051-1D1F74802967}.Release|Any CPU.ActiveCfg = Release|Any CPU
		{954CAA1B-988F-4811-9051-1D1F74802967}.Release|Any CPU.Build.0 = Release|Any CPU
		{4C03594D-7FA5-47B9-B9F2-E0BF556C6612}.Debug|Any CPU.ActiveCfg = Debug|Any CPU
		{4C03594D-7FA5-47B9-B9F2-E0BF556C6612}.Debug|Any CPU.Build.0 = Debug|Any CPU
		{4C03594D-7FA5-47B9-B9F2-E0BF556C6612}.Release|Any CPU.ActiveCfg = Release|Any CPU
		{4C03594D-7FA5-47B9-B9F2-E0BF556C6612}.Release|Any CPU.Build.0 = Release|Any CPU
	EndGlobalSection
	GlobalSection(SolutionProperties) = preSolution
		HideSolutionNode = FALSE
	EndGlobalSection
	GlobalSection(ExtensibilityGlobals) = postSolution
		SolutionGuid = {487F940F-681D-49C6-974D-C977B255F875}
	EndGlobalSection
EndGlobal
